
Microsoft Visual Studio Solution File, Format Version 12.00
# Visual Studio 15
VisualStudioVersion = 15.0.28307.489
MinimumVisualStudioVersion = 10.0.40219.1
Project("{FAE04EC0-301F-11D3-BF4B-00C04F79EFBC}") = "YPY.NuGetServer", "YPY.NuGetServer\YPY.NuGetServer.csproj", "{8A311833-7730-4E0E-B495-F2F7FF2748C6}"
EndProject
Global
	GlobalSection(SolutionConfigurationPlatforms) = preSolution
		Debug|Any CPU = Debug|Any CPU
		Release|Any CPU = Release|Any CPU
	EndGlobalSection
	GlobalSection(ProjectConfigurationPlatforms) = postSolution
		{8A311833-7730-4E0E-B495-F2F7FF2748C6}.Debug|Any CPU.ActiveCfg = Debug|Any CPU
		{8A311833-7730-4E0E-B495-F2F7FF2748C6}.Debug|Any CPU.Build.0 = Debug|Any CPU
		{8A311833-7730-4E0E-B495-F2F7FF2748C6}.Release|Any CPU.ActiveCfg = Release|Any CPU
		{8A311833-7730-4E0E-B495-F2F7FF2748C6}.Release|Any CPU.Build.0 = Release|Any CPU
	EndGlobalSection
	GlobalSection(SolutionProperties) = preSolution
		HideSolutionNode = FALSE
	EndGlobalSection
	GlobalSection(ExtensibilityGlobals) = postSolution
		SolutionGuid = {1F0DD042-1B4E-41EF-A446-C96AB43D6256}
	EndGlobalSection
EndGlobal
